
Microsoft Visual Studio Solution File, Format Version 12.00
# Visual Studio Version 17
VisualStudioVersion = 17.0.31903.59
MinimumVisualStudioVersion = 10.0.40219.1
Project("{FAE04EC0-301F-11D3-BF4B-00C04F79EFBC}") = "eramos_S3", "eramos_S3\eramos_S3.csproj", "{D2894758-65E4-4A73-A19C-F287B044E63D}"
EndProject
Global
	GlobalSection(SolutionConfigurationPlatforms) = preSolution
		Debug|Any CPU = Debug|Any CPU
		Release|Any CPU = Release|Any CPU
	EndGlobalSection
	GlobalSection(SolutionProperties) = preSolution
		HideSolutionNode = FALSE
	EndGlobalSection
	GlobalSection(ProjectConfigurationPlatforms) = postSolution
		{D2894758-65E4-4A73-A19C-F287B044E63D}.Debug|Any CPU.ActiveCfg = Debug|Any CPU
		{D2894758-65E4-4A73-A19C-F287B044E63D}.Debug|Any CPU.Build.0 = Debug|Any CPU
		{D2894758-65E4-4A73-A19C-F287B044E63D}.Release|Any CPU.ActiveCfg = Release|Any CPU
		{D2894758-65E4-4A73-A19C-F287B044E63D}.Release|Any CPU.Build.0 = Release|Any CPU
	EndGlobalSection
EndGlobal
